# This file is automatically @generated by Cargo.
# It is not intended for manual editing.
version = 4

[[package]]
name = "cli"
version = "0.1.0"
dependencies = [
 "engine",
 "model",
 "registry",
]

[[package]]
name = "engine"
version = "0.1.0"
dependencies = [
 "model",
 "planner",
 "registry",
 "resolver",
]

[[package]]
name = "executor"
version = "0.1.0"

[[package]]
name = "facts"
version = "0.1.0"

[[package]]
name = "model"
version = "0.1.0"

[[package]]
name = "planner"
version = "0.1.0"
dependencies = [
 "model",
]

[[package]]
name = "registry"
version = "0.1.0"
dependencies = [
 "model",
]

[[package]]
name = "resolver"
version = "0.1.0"
dependencies = [
 "model",
 "registry",
]

[[package]]
name = "state"
version = "0.1.0"
